
Microsoft Visual Studio Solution File, Format Version 12.00
# Visual Studio 15
VisualStudioVersion = 15.0.28307.106
MinimumVisualStudioVersion = 10.0.40219.1
Project("{9A19103F-16F7-4668-BE54-9A1E7A4F7556}") = "BES.Core.SampleAPI", "BES.Core.SampleAPI\BES.Core.SampleAPI.csproj", "{AB6DAD00-F08F-44F2-ADD1-4E563FACCBB2}"
EndProject
Project("{2150E333-8FDC-42A3-9474-1A3956D46DE8}") = "0 ARM", "0 ARM", "{C0F418CA-5710-41F6-B6E8-89632A12F82C}"
EndProject
Project("{151D2E53-A2C4-4D7D-83FE-D05416EBD58E}") = "BES.Core.SampleAPI.ARM", "BES.Core.SampleAPI.ARM\BES.Core.SampleAPI.ARM\BES.Core.SampleAPI.ARM.deployproj", "{EEBC660A-39EC-432C-9A91-9FC9E4D13D63}"
EndProject
Global
	GlobalSection(SolutionConfigurationPlatforms) = preSolution
		Debug|Any CPU = Debug|Any CPU
		Release|Any CPU = Release|Any CPU
	EndGlobalSection
	GlobalSection(ProjectConfigurationPlatforms) = postSolution
		{AB6DAD00-F08F-44F2-ADD1-4E563FACCBB2}.Debug|Any CPU.ActiveCfg = Debug|Any CPU
		{AB6DAD00-F08F-44F2-ADD1-4E563FACCBB2}.Debug|Any CPU.Build.0 = Debug|Any CPU
		{AB6DAD00-F08F-44F2-ADD1-4E563FACCBB2}.Release|Any CPU.ActiveCfg = Release|Any CPU
		{AB6DAD00-F08F-44F2-ADD1-4E563FACCBB2}.Release|Any CPU.Build.0 = Release|Any CPU
		{EEBC660A-39EC-432C-9A91-9FC9E4D13D63}.Debug|Any CPU.ActiveCfg = Debug|Any CPU
		{EEBC660A-39EC-432C-9A91-9FC9E4D13D63}.Debug|Any CPU.Build.0 = Debug|Any CPU
		{EEBC660A-39EC-432C-9A91-9FC9E4D13D63}.Release|Any CPU.ActiveCfg = Release|Any CPU
		{EEBC660A-39EC-432C-9A91-9FC9E4D13D63}.Release|Any CPU.Build.0 = Release|Any CPU
	EndGlobalSection
	GlobalSection(SolutionProperties) = preSolution
		HideSolutionNode = FALSE
	EndGlobalSection
	GlobalSection(NestedProjects) = preSolution
		{EEBC660A-39EC-432C-9A91-9FC9E4D13D63} = {C0F418CA-5710-41F6-B6E8-89632A12F82C}
	EndGlobalSection
	GlobalSection(ExtensibilityGlobals) = postSolution
		SolutionGuid = {2D737B6C-AC47-42FD-AAFA-615523F70C83}
	EndGlobalSection
EndGlobal
